<?xml version="1.0" encoding="utf-8"?>
<Project ToolsVersion="4.0" xmlns="http://schemas.microsoft.com/developer/msbuild/2003">
  <ItemGroup>
    <Filter Include="Header">
      <UniqueIdentifier>{93995380-89BD-4b04-88EB-625FBE52EBFB}</UniqueIdentifier>
      <Extensions>h;hh;hpp;hxx;h++;hm;inl;inc;ipp;xsd</Extensions>
    </Filter>
    <Filter Include="Source">
      <UniqueIdentifier>{4FC737F1-C7A5-4376-A066-2A32D752A2FF}</UniqueIdentifier>
      <Extensions>cpp;c;cc;cxx;c++;cppm;ixx;def;odl;idl;hpj;bat;asm;asmx</Extensions>
    </Filter>
    <Filter Include="Resource">
      <UniqueIdentifier>{67DA6AB6-F800-4c08-8B7A-83BB121AAD01}</UniqueIdentifier>
      <Extensions>rc;ico;cur;bmp;dlg;rc2;rct;bin;rgs;gif;jpg;jpeg;jpe;resx;tiff;tif;png;wav;mfcribbon-ms</Extensions>
    </Filter>
  </ItemGroup>
  <ItemGroup>
    <ClInclude Include="..\..\..\Internal\Include\GraphicManager.h">
      <Filter>Header</Filter>
    </ClInclude>
    <ClInclude Include="..\..\..\Internal\Include\InputManager.h">
      <Filter>Header</Filter>
    </ClInclude>
    <ClInclude Include="..\..\..\Internal\Include\Singleton.h">
      <Filter>Header</Filter>
    </ClInclude>
    <ClInclude Include="..\..\..\Internal\Include\Sprite.h">
      <Filter>Header</Filter>
    </ClInclude>
    <ClInclude Include="..\..\..\Internal\Include\Object.h">
      <Filter>Header</Filter>
    </ClInclude>
    <ClInclude Include="..\..\..\Internal\Include\ObjectManager.h">
      <Filter>Header</Filter>
    </ClInclude>
    <ClInclude Include="..\..\..\Internal\Include\EngineManager.h">
      <Filter>Header</Filter>
    </ClInclude>
    <ClInclude Include="..\..\..\Internal\Include\Collider.h">
      <Filter>Header</Filter>
    </ClInclude>
    <ClInclude Include="..\..\..\Internal\Include\CollisionManager.h">
      <Filter>Header</Filter>
    </ClInclude>
    <ClInclude Include="..\..\..\Internal\Include\BoxCollider.h">
      <Filter>Header</Filter>
    </ClInclude>
    <ClInclude Include="..\..\..\Internal\Include\CircleCollider.h">
      <Filter>Header</Filter>
    </ClInclude>
    <ClInclude Include="..\..\..\Internal\Include\Vector2.h">
      <Filter>Header</Filter>
    </ClInclude>
    <ClInclude Include="..\..\..\Internal\Include\TimeManager.h">
      <Filter>Header</Filter>
    </ClInclude>
    <ClInclude Include="..\..\..\Internal\Include\SoundManager.h">
      <Filter>Header</Filter>
    </ClInclude>
    <ClInclude Include="..\..\..\Internal\Include\AudioClip.h">
      <Filter>Header</Filter>
    </ClInclude>
    <ClInclude Include="..\..\..\Internal\Include\Text.h">
      <Filter>Header</Filter>
    </ClInclude>
    <ClInclude Include="..\..\..\Internal\Include\SaveManager.h">
      <Filter>Header</Filter>
    </ClInclude>
  </ItemGroup>
  <ItemGroup>
    <ClCompile Include="..\..\..\Internal\Source\GraphicManager.cpp">
      <Filter>Source</Filter>
    </ClCompile>
    <ClCompile Include="..\..\..\Internal\Source\InputManager.cpp">
      <Filter>Source</Filter>
    </ClCompile>
    <ClCompile Include="..\..\..\Internal\Source\Sprite.cpp">
      <Filter>Source</Filter>
    </ClCompile>
    <ClCompile Include="..\..\..\Internal\Source\Object.cpp">
      <Filter>Source</Filter>
    </ClCompile>
    <ClCompile Include="..\..\..\Internal\Source\ObjectManager.cpp">
      <Filter>Source</Filter>
    </ClCompile>
    <ClCompile Include="..\..\..\Internal\Source\EngineManager.cpp">
      <Filter>Source</Filter>
    </ClCompile>
    <ClCompile Include="..\..\..\Internal\Source\Collider.cpp">
      <Filter>Source</Filter>
    </ClCompile>
    <ClCompile Include="..\..\..\Internal\Source\CollisionManager.cpp">
      <Filter>Source</Filter>
    </ClCompile>
    <ClCompile Include="..\..\..\Internal\Source\Vector2.cpp">
      <Filter>Source</Filter>
    </ClCompile>
    <ClCompile Include="..\..\..\Internal\Source\BoxCollider.cpp">
      <Filter>Source</Filter>
    </ClCompile>
    <ClCompile Include="..\..\..\Internal\Source\CircleCollider.cpp">
      <Filter>Source</Filter>
    </ClCompile>
    <ClCompile Include="..\..\..\Internal\Source\TimeManager.cpp">
      <Filter>Source</Filter>
    </ClCompile>
    <ClCompile Include="..\..\..\Internal\Source\SoundManager.cpp">
      <Filter>Source</Filter>
    </ClCompile>
    <ClCompile Include="..\..\..\Internal\Source\AudioClip.cpp">
      <Filter>Source</Filter>
    </ClCompile>
    <ClCompile Include="..\..\..\Internal\Source\Text.cpp">
      <Filter>Source</Filter>
    </ClCompile>
    <ClCompile Include="..\..\..\Internal\Source\SaveManager.cpp">
      <Filter>Source</Filter>
    </ClCompile>
  </ItemGroup>
</Project>